
Microsoft Visual Studio Solution File, Format Version 12.00
# Visual Studio Version 17
VisualStudioVersion = 17.3.32811.315
MinimumVisualStudioVersion = 10.0.40219.1
Project("{FAE04EC0-301F-11D3-BF4B-00C04F79EFBC}") = "FactoryDesignPattern", "FactoryDesignPattern\FactoryDesignPattern.csproj", "{C50DBEAE-C509-4AF1-88B2-71A7CAAA9A4E}"
EndProject
Global
	GlobalSection(SolutionConfigurationPlatforms) = preSolution
		Debug|Any CPU = Debug|Any CPU
		Release|Any CPU = Release|Any CPU
	EndGlobalSection
	GlobalSection(ProjectConfigurationPlatforms) = postSolution
		{C50DBEAE-C509-4AF1-88B2-71A7CAAA9A4E}.Debug|Any CPU.ActiveCfg = Debug|Any CPU
		{C50DBEAE-C509-4AF1-88B2-71A7CAAA9A4E}.Debug|Any CPU.Build.0 = Debug|Any CPU
		{C50DBEAE-C509-4AF1-88B2-71A7CAAA9A4E}.Release|Any CPU.ActiveCfg = Release|Any CPU
		{C50DBEAE-C509-4AF1-88B2-71A7CAAA9A4E}.Release|Any CPU.Build.0 = Release|Any CPU
	EndGlobalSection
	GlobalSection(SolutionProperties) = preSolution
		HideSolutionNode = FALSE
	EndGlobalSection
	GlobalSection(ExtensibilityGlobals) = postSolution
		SolutionGuid = {7AFA5682-4DE5-4EB4-B00B-94AF102C85A8}
	EndGlobalSection
EndGlobal
